<?xml version="1.0" encoding="utf-8"?>
<Project ToolsVersion="4.0" xmlns="http://schemas.microsoft.com/developer/msbuild/2003">
  <ItemGroup>
    <Filter Include="Source Files">
      <UniqueIdentifier>{4FC737F1-C7A5-4376-A066-2A32D752A2FF}</UniqueIdentifier>
      <Extensions>cpp;c;cc;cxx;def;odl;idl;hpj;bat;asm;asmx</Extensions>
    </Filter>
    <Filter Include="Header Files">
      <UniqueIdentifier>{93995380-89BD-4b04-88EB-625FBE52EBFB}</UniqueIdentifier>
      <Extensions>h;hh;hpp;hxx;hm;inl;inc;ipp;xsd</Extensions>
    </Filter>
    <Filter Include="Resource Files">
      <UniqueIdentifier>{67DA6AB6-F800-4c08-8B7A-83BB121AAD01}</UniqueIdentifier>
      <Extensions>rc;ico;cur;bmp;dlg;rc2;rct;bin;rgs;gif;jpg;jpeg;jpe;resx;tiff;tif;png;wav;mfcribbon-ms</Extensions>
    </Filter>
  </ItemGroup>
  <ItemGroup>
    <ClCompile Include="TokenInfo.cpp">
      <Filter>Source Files</Filter>
    </ClCompile>
    <ClCompile Include="Scanner.cpp">
      <Filter>Source Files</Filter>
    </ClCompile>
    <ClCompile Include="CLConstantClassInfo.cpp">
      <Filter>Source Files</Filter>
    </ClCompile>
    <ClCompile Include="CLConstantFieldRefInfo.cpp">
      <Filter>Source Files</Filter>
    </ClCompile>
    <ClCompile Include="CLConstantInterfaceMethodRefInfo.cpp">
      <Filter>Source Files</Filter>
    </ClCompile>
    <ClCompile Include="CLConstantMemberRefInfo.cpp">
      <Filter>Source Files</Filter>
    </ClCompile>
    <ClCompile Include="CLConstantMethodRefInfo.cpp">
      <Filter>Source Files</Filter>
    </ClCompile>
    <ClCompile Include="CLConstantStringInfo.cpp">
      <Filter>Source Files</Filter>
    </ClCompile>
    <ClCompile Include="CLCPInfo.cpp">
      <Filter>Source Files</Filter>
    </ClCompile>
    <ClCompile Include="CLOutputStream.cpp">
      <Filter>Source Files</Filter>
    </ClCompile>
    <ClCompile Include="CLConstantIntegerInfo.cpp">
      <Filter>Source Files</Filter>
    </ClCompile>
    <ClCompile Include="CLConstantFloatInfo.cpp">
      <Filter>Source Files</Filter>
    </ClCompile>
    <ClCompile Include="jmm_utils.cpp">
      <Filter>Source Files</Filter>
    </ClCompile>
    <ClCompile Include="CLConstantLongInfo.cpp">
      <Filter>Source Files</Filter>
    </ClCompile>
    <ClCompile Include="CLConstantDoubleInfo.cpp">
      <Filter>Source Files</Filter>
    </ClCompile>
    <ClCompile Include="CLAttributeInfo.cpp">
      <Filter>Source Files</Filter>
    </ClCompile>
    <ClCompile Include="CLConstantNameAndTypeInfo.cpp">
      <Filter>Source Files</Filter>
    </ClCompile>
    <ClCompile Include="CLConstantPool.cpp">
      <Filter>Source Files</Filter>
    </ClCompile>
    <ClCompile Include="CLConstantUTF8Info.cpp">
      <Filter>Source Files</Filter>
    </ClCompile>
    <ClCompile Include="CLFile.cpp">
      <Filter>Source Files</Filter>
    </ClCompile>
    <ClCompile Include="CLMemberInfo.cpp">
      <Filter>Source Files</Filter>
    </ClCompile>
    <ClCompile Include="TestGrounds.cpp">
      <Filter>Source Files</Filter>
    </ClCompile>
    <ClCompile Include="CLInstruction.cpp">
      <Filter>Source Files</Filter>
    </ClCompile>
    <ClCompile Include="CLInputStream.cpp">
      <Filter>Source Files</Filter>
    </ClCompile>
    <ClCompile Include="CLPath.cpp">
      <Filter>Source Files</Filter>
    </ClCompile>
    <ClCompile Include="CLEmitter.cpp">
      <Filter>Source Files</Filter>
    </ClCompile>
  </ItemGroup>
  <ItemGroup>
    <ClInclude Include="TokenInfo.h">
      <Filter>Header Files</Filter>
    </ClInclude>
    <ClInclude Include="CLConstants.h">
      <Filter>Header Files</Filter>
    </ClInclude>
    <ClInclude Include="CLConstantClassInfo.h">
      <Filter>Header Files</Filter>
    </ClInclude>
    <ClInclude Include="CLConstantFieldRefInfo.h">
      <Filter>Header Files</Filter>
    </ClInclude>
    <ClInclude Include="CLConstantInterfaceMethodRefInfo.h">
      <Filter>Header Files</Filter>
    </ClInclude>
    <ClInclude Include="CLConstantMemberRefInfo.h">
      <Filter>Header Files</Filter>
    </ClInclude>
    <ClInclude Include="CLConstantMethodRefInfo.h">
      <Filter>Header Files</Filter>
    </ClInclude>
    <ClInclude Include="CLConstantPool.h">
      <Filter>Header Files</Filter>
    </ClInclude>
    <ClInclude Include="CLCPInfo.h">
      <Filter>Header Files</Filter>
    </ClInclude>
    <ClInclude Include="CLOutputStream.h">
      <Filter>Header Files</Filter>
    </ClInclude>
    <ClInclude Include="CLConstantStringInfo.h">
      <Filter>Header Files</Filter>
    </ClInclude>
    <ClInclude Include="CLConstantIntegerInfo.h">
      <Filter>Header Files</Filter>
    </ClInclude>
    <ClInclude Include="CLConstantFloatInfo.h">
      <Filter>Header Files</Filter>
    </ClInclude>
    <ClInclude Include="jmm_utils.h">
      <Filter>Header Files</Filter>
    </ClInclude>
    <ClInclude Include="CLConstantLongInfo.h">
      <Filter>Header Files</Filter>
    </ClInclude>
    <ClInclude Include="CLConstantDoubleInfo.h">
      <Filter>Header Files</Filter>
    </ClInclude>
    <ClInclude Include="CLAttributeInfo.h">
      <Filter>Header Files</Filter>
    </ClInclude>
    <ClInclude Include="CLConstantNameAndTypeInfo.h">
      <Filter>Header Files</Filter>
    </ClInclude>
    <ClInclude Include="CLConstantUTF8Info.h">
      <Filter>Header Files</Filter>
    </ClInclude>
    <ClInclude Include="CLEmitter.h">
      <Filter>Header Files</Filter>
    </ClInclude>
    <ClInclude Include="CLFile.h">
      <Filter>Header Files</Filter>
    </ClInclude>
    <ClInclude Include="CLMemberInfo.h">
      <Filter>Header Files</Filter>
    </ClInclude>
    <ClInclude Include="CLInstruction.h">
      <Filter>Header Files</Filter>
    </ClInclude>
    <ClInclude Include="CLPath.h">
      <Filter>Header Files</Filter>
    </ClInclude>
    <ClInclude Include="CLInputStream.h">
      <Filter>Header Files</Filter>
    </ClInclude>
    <ClInclude Include="jmm_global_macros.h">
      <Filter>Header Files</Filter>
    </ClInclude>
  </ItemGroup>
</Project>